{
    "name": "miniprogram-1",
    "version": "1.0.0",
    "lockfileVersion": 3,
    "requires": true,
    "packages": {
        "": {
            "name": "miniprogram-1",
            "version": "1.0.0",
            "license": "ISC",
            "dependencies": {
                "@vant/weapp": "^1.11.5",
                "wux-weapp": "^3.11.3",
                "wxml2canvas": "^1.0.1"
            }
        },
        "node_modules/@vant/weapp": {
            "version": "1.11.5",
            "resolved": "https://registry.npmmirror.com/@vant/weapp/-/weapp-1.11.5.tgz",
            "integrity": "sha512-F/yebMtysTaDrqpCyk6AdQrY3lDB7y5TXNwHtBarxtL2NZzoH+D6pBwz9nY+d0vCin0w0IH9kDF57yb/BP3mNA=="
        },
        "node_modules/wux-weapp": {
            "version": "3.11.3",
            "resolved": "https://registry.npmmirror.com/wux-weapp/-/wux-weapp-3.11.3.tgz",
            "integrity": "sha512-HmxzvKTNuwaMGw9hii2sY/a1Dk/V6uClAD7Ew6/ZInvAeEXWdj0f+OgzeBRR/Hbpx4ebjIAtn17Ry9WnYsYRZA=="
        },
        "node_modules/wxml2canvas": {
            "version": "1.0.1",
            "resolved": "https://registry.npmjs.org/wxml2canvas/-/wxml2canvas-1.0.1.tgz",
            "integrity": "sha512-AdWvxgTjJtW/m6Cki1cwGO0HOERKU8O9V3RcCz8UyqJbrPF7e8Nv27/epYiIs64HlbPTKWTLl7ECjQi6UVducA=="
        }
    }
}
